{
  "nodes": {
    "antigravity-nix": {
      "inputs": {
        "flake-utils": "flake-utils",
        "nixpkgs": "nixpkgs"
      },
      "locked": {
        "lastModified": 1788246982,
        "narHash": "sha256-1taZcKbaBuSYyO+kbQ8vmy6uSNg++5kUc39rXqhuMnk=",
        "owner": "jacopone",
        "repo": "antigravity-nix",
        "rev": "57606073a65af70f3daa19cfa5066dec50d9d939",
        "type": "github"
      },
      "original": {
        "owner": "jacopone",
        "repo": "antigravity-nix",
        "type": "github"
      }
    },
    "claude-code-nix": {
      "inputs": {
        "nixpkgs": "nixpkgs_2",
        "systems": "systems_2"
      },
      "locked": {
        "lastModified": 1788285734,
        "narHash": "sha256-/cwJ6Wa/hrurskanEPtwhW05ml1Lqzlh+Dd4fdApd5Y=",
        "owner": "sadjow",
        "repo": "claude-code-nix",
        "rev": "6b3711f18290d449fb40d98db56af2ff92a7f045",
        "type": "github"
      },
      "original": {
        "owner": "sadjow",
        "repo": "claude-code-nix",
        "type": "github"
      }
    },
    "codex-cli-nix": {
      "inputs": {
        "flake-utils": "flake-utils_2",
        "nixpkgs": "nixpkgs_3"
      },
      "locked": {
        "lastModified": 1788229366,
        "narHash": "sha256-wRykYmEWZTY3jyjml2gNWIksLhDVpywyRqf5vn6MknA=",
        "owner": "sadjow",
        "repo": "codex-cli-nix",
        "rev": "31f40eb2c4b496468c7eeec84ec9c1acc8732f27",
        "type": "github"
      },
      "original": {
        "owner": "sadjow",
        "repo": "codex-cli-nix",
        "type": "github"
      }
    },
    "dracula-gtk-theme": {
      "flake": false,
      "locked": {
        "lastModified": 1787601927,
        "narHash": "sha256-95Lfr4yiu7Yyff/pVgLCyKRX/btjdTASIqJ785XePG0=",
        "owner": "dracula",
        "repo": "gtk",
        "rev": "71640b9456110f3bac2130d0b387a3154a9fb4d2",
        "type": "github"
      },
      "original": {
        "owner": "dracula",
        "repo": "gtk",
        "type": "github"
      }
    },
    "flake-utils": {
      "inputs": {
        "systems": "systems"
      },
      "locked": {
        "lastModified": 1731533236,
        "narHash": "sha256-l0KFg5HjrsfsO/JpG+r7fRrqm12kzFHyUHqHCVpMMbI=",
        "owner": "numtide",
        "repo": "flake-utils",
        "rev": "11707dc2f618dd54ca8739b309ec4fc024de578b",
        "type": "github"
      },
      "original": {
        "owner": "numtide",
        "repo": "flake-utils",
        "type": "github"
      }
    },
    "flake-utils_2": {
      "inputs": {
        "systems": "systems_3"
      },
      "locked": {
        "lastModified": 1731533236,
        "narHash": "sha256-l0KFg5HjrsfsO/JpG+r7fRrqm12kzFHyUHqHCVpMMbI=",
        "owner": "numtide",
        "repo": "flake-utils",
        "rev": "11707dc2f618dd54ca8739b309ec4fc024de578b",
        "type": "github"
      },
      "original": {
        "owner": "numtide",
        "repo": "flake-utils",
        "type": "github"
      }
    },
    "home-manager": {
      "inputs": {
        "nixpkgs": [
          "nixpkgs"
        ]
      },
      "locked": {
        "lastModified": 1788229478,
        "narHash": "sha256-G0F2rFORVcFkEvVdE/qWQTnYekIc77YP5/vRF9nZlxU=",
        "owner": "nix-community",
        "repo": "home-manager",
        "rev": "1dc2d1f720ab17fc7981e087346bf54b26d284b1",
        "type": "github"
      },
      "original": {
        "owner": "nix-community",
        "ref": "master",
        "repo": "home-manager",
        "type": "github"
      }
    },
    "home-manager_2": {
      "inputs": {
        "nixpkgs": [
          "zen-browser",
          "nixpkgs"
        ]
      },
      "locked": {
        "lastModified": 1788229478,
        "narHash": "sha256-G0F2rFORVcFkEvVdE/qWQTnYekIc77YP5/vRF9nZlxU=",
        "owner": "nix-community",
        "repo": "home-manager",
        "rev": "1dc2d1f720ab17fc7981e087346bf54b26d284b1",
        "type": "github"
      },
      "original": {
        "owner": "nix-community",
        "repo": "home-manager",
        "type": "github"
      }
    },
    "my-dmenu": {
      "flake": false,
      "locked": {
        "lastModified": 1676357561,
        "narHash": "sha256-sC5tCoTERt/4+eHA/17sL0043YfvymL/ojfLl07UW5E=",
        "owner": "vedshastry",
        "repo": "dmenu",
        "rev": "b1fceb472aeb8cf8b040d07d0d5892e9f7e69913",
        "type": "github"
      },
      "original": {
        "owner": "vedshastry",
        "repo": "dmenu",
        "type": "github"
      }
    },
    "my-dwm": {
      "flake": false,
      "locked": {
        "lastModified": 1784281098,
        "narHash": "sha256-n9AbuwFQp9mcL38CP1EQ0g6mkt8+cyQeSUGRJNv4xW0=",
        "owner": "vedshastry",
        "repo": "dwm",
        "rev": "34ccebed30a95329c3bb21f017a3b5a984f4b99c",
        "type": "github"
      },
      "original": {
        "owner": "vedshastry",
        "repo": "dwm",
        "type": "github"
      }
    },
    "my-slstatus": {
      "flake": false,
      "locked": {
        "lastModified": 1784289063,
        "narHash": "sha256-V7Mf5jmrL6RgRfDMEnfCYKkm/aWmAgVQkr2PJWxIa4Y=",
        "owner": "vedshastry",
        "repo": "slstatus",
        "rev": "704b6fee98251ca11adb7ddfa70b549bb8cf7e9e",
        "type": "github"
      },
      "original": {
        "owner": "vedshastry",
        "repo": "slstatus",
        "type": "github"
      }
    },
    "my-st": {
      "flake": false,
      "locked": {
        "lastModified": 1665079124,
        "narHash": "sha256-NT/mlGJw6ma5n6jQOKdx7ALS70jFqNIU27RrXVT712Y=",
        "owner": "vedshastry",
        "repo": "st",
        "rev": "9f7eea4e4abfe4859505903fc941332c99d9b4d0",
        "type": "github"
      },
      "original": {
        "owner": "vedshastry",
        "repo": "st",
        "type": "github"
      }
    },
    "nixos-hardware": {
      "inputs": {
        "nixpkgs": "nixpkgs_4"
      },
      "locked": {
        "lastModified": 1788044418,
        "narHash": "sha256-cmOd3iGoE140M2GidgQMQbyxHZ4dT7C0QZq2+CrXQyA=",
        "owner": "NixOS",
        "repo": "nixos-hardware",
        "rev": "dc3f0cfde2050172abf6c3cdb684f735c15a57c5",
        "type": "github"
      },
      "original": {
        "owner": "NixOS",
        "ref": "master",
        "repo": "nixos-hardware",
        "type": "github"
      }
    },
    "nixpkgs": {
      "locked": {
        "lastModified": 1778869304,
        "narHash": "sha256-30sZNZoA1cqF5JNO9fVX+wgiQYjB7HJqqJ4ztCDeBZE=",
        "owner": "NixOS",
        "repo": "nixpkgs",
        "rev": "d233902339c02a9c334e7e593de68855ad26c4cb",
        "type": "github"
      },
      "original": {
        "owner": "NixOS",
        "ref": "nixos-unstable",
        "repo": "nixpkgs",
        "type": "github"
      }
    },
    "nixpkgs-flameshot": {
      "locked": {
        "lastModified": 1767313136,
        "narHash": "sha256-16KkgfdYqjaeRGBaYsNrhPRRENs0qzkQVUooNHtoy2w=",
        "owner": "nixos",
        "repo": "nixpkgs",
        "rev": "ac62194c3917d5f474c1a844b6fd6da2db95077d",
        "type": "github"
      },
      "original": {
        "owner": "nixos",
        "ref": "nixos-25.05",
        "repo": "nixpkgs",
        "type": "github"
      }
    },
    "nixpkgs-unfree": {
      "inputs": {
        "nixpkgs": [
          "ollama-flake",
          "nixpkgs"
        ]
      },
      "locked": {
        "lastModified": 1727984955,
        "narHash": "sha256-vP3XzXfQLaxy2QYipK5teKFzgWBeSkv9hByCvrMEL1c=",
        "owner": "numtide",
        "repo": "nixpkgs-unfree",
        "rev": "deab889228cedd7bca43e71ea4f61f9ea12c260e",
        "type": "github"
      },
      "original": {
        "owner": "numtide",
        "repo": "nixpkgs-unfree",
        "type": "github"
      }
    },
    "nixpkgs_2": {
      "locked": {
        "lastModified": 1787964612,
        "narHash": "sha256-0N9nghg3nwzX6b6qc77EzjR9cu/Z+UR66FlfsCqiURs=",
        "owner": "NixOS",
        "repo": "nixpkgs",
        "rev": "e8be7818e19ada32105a8af937a6a473b38167ca",
        "type": "github"
      },
      "original": {
        "owner": "NixOS",
        "ref": "nixpkgs-unstable",
        "repo": "nixpkgs",
        "type": "github"
      }
    },
    "nixpkgs_3": {
      "locked": {
        "lastModified": 1787964612,
        "narHash": "sha256-0N9nghg3nwzX6b6qc77EzjR9cu/Z+UR66FlfsCqiURs=",
        "owner": "NixOS",
        "repo": "nixpkgs",
        "rev": "e8be7818e19ada32105a8af937a6a473b38167ca",
        "type": "github"
      },
      "original": {
        "owner": "NixOS",
        "ref": "nixpkgs-unstable",
        "repo": "nixpkgs",
        "type": "github"
      }
    },
    "nixpkgs_4": {
      "locked": {
        "lastModified": 1767892417,
        "narHash": "sha256-8bW3q88CEg2u4hSP66Vf4lpbLonHz7hqDNBMcCY7E9U=",
        "rev": "3497aa5c9457a9d88d71fa93a4a8368816fbeeba",
        "type": "tarball",
        "url": "https://releases.nixos.org/nixos/unstable/nixos-26.05pre924538.3497aa5c9457/nixexprs.tar.xz"
      },
      "original": {
        "type": "tarball",
        "url": "https://channels.nixos.org/nixos-unstable/nixexprs.tar.xz"
      }
    },
    "nixpkgs_5": {
      "locked": {
        "lastModified": 1788179007,
        "narHash": "sha256-hn1oU2rue2SYK8dAr8+WNZWtbsz1S2W5mnHlSEuh3bo=",
        "owner": "nixos",
        "repo": "nixpkgs",
        "rev": "34ab99075ac4f7e40cf037eef32cb1c360bb85e9",
        "type": "github"
      },
      "original": {
        "owner": "nixos",
        "ref": "nixos-unstable",
        "repo": "nixpkgs",
        "type": "github"
      }
    },
    "nixpkgs_6": {
      "locked": {
        "lastModified": 1733330745,
        "narHash": "sha256-jy34Nf4Tn1ITZcYyMBn1/7jA8bCCIZDpiVahqlCXfww=",
        "owner": "NixOS",
        "repo": "nixpkgs",
        "rev": "2f9d395f057a50f8076f633c10519035fce8d773",
        "type": "github"
      },
      "original": {
        "owner": "NixOS",
        "ref": "nixpkgs-unstable",
        "repo": "nixpkgs",
        "type": "github"
      }
    },
    "nixpkgs_7": {
      "locked": {
        "lastModified": 1756288264,
        "narHash": "sha256-Om8adB1lfkU7D33VpR+/haZ2gI5r3Q+ZbIPzE5sYnwE=",
        "owner": "NixOS",
        "repo": "nixpkgs",
        "rev": "ddd1826f294a0ee5fdc198ab72c8306a0ea73aa9",
        "type": "github"
      },
      "original": {
        "owner": "NixOS",
        "ref": "nixpkgs-unstable",
        "repo": "nixpkgs",
        "type": "github"
      }
    },
    "nixpkgs_8": {
      "locked": {
        "lastModified": 1788179007,
        "narHash": "sha256-hn1oU2rue2SYK8dAr8+WNZWtbsz1S2W5mnHlSEuh3bo=",
        "owner": "nixos",
        "repo": "nixpkgs",
        "rev": "34ab99075ac4f7e40cf037eef32cb1c360bb85e9",
        "type": "github"
      },
      "original": {
        "owner": "nixos",
        "ref": "nixos-unstable",
        "repo": "nixpkgs",
        "type": "github"
      }
    },
    "ollama-flake": {
      "inputs": {
        "nixpkgs": "nixpkgs_6",
        "nixpkgs-unfree": "nixpkgs-unfree"
      },
      "locked": {
        "lastModified": 1733618642,
        "narHash": "sha256-6eeRQLOffhyCRIhiO64WMePktPA5v7Az0KzdNwAywRs=",
        "owner": "abysssol",
        "repo": "ollama-flake",
        "rev": "edca8d46ff125aafb63825b82d0f7fefc1b308cb",
        "type": "github"
      },
      "original": {
        "owner": "abysssol",
        "repo": "ollama-flake",
        "type": "github"
      }
    },
    "opencode-flake": {
      "inputs": {
        "nixpkgs": "nixpkgs_7"
      },
      "locked": {
        "lastModified": 1771442093,
        "narHash": "sha256-DWRdWWS1luEuWgd0pYydmp97MdvfVGdsI8gnWfygNFg=",
        "owner": "aodhanhayter",
        "repo": "opencode-flake",
        "rev": "049b5b433ac88f05453d23a67a6d7ac8f62ea0b1",
        "type": "github"
      },
      "original": {
        "owner": "aodhanhayter",
        "repo": "opencode-flake",
        "type": "github"
      }
    },
    "root": {
      "inputs": {
        "antigravity-nix": "antigravity-nix",
        "claude-code-nix": "claude-code-nix",
        "codex-cli-nix": "codex-cli-nix",
        "dracula-gtk-theme": "dracula-gtk-theme",
        "home-manager": "home-manager",
        "my-dmenu": "my-dmenu",
        "my-dwm": "my-dwm",
        "my-slstatus": "my-slstatus",
        "my-st": "my-st",
        "nixos-hardware": "nixos-hardware",
        "nixpkgs": "nixpkgs_5",
        "nixpkgs-flameshot": "nixpkgs-flameshot",
        "ollama-flake": "ollama-flake",
        "opencode-flake": "opencode-flake",
        "zen-browser": "zen-browser"
      }
    },
    "systems": {
      "locked": {
        "lastModified": 1681028828,
        "narHash": "sha256-Vy1rq5AaRuLzOxct8nz4T6wlgyUR7zLU309k9mBC768=",
        "owner": "nix-systems",
        "repo": "default",
        "rev": "da67096a3b9bf56a91d16901293e51ba5b49a27e",
        "type": "github"
      },
      "original": {
        "owner": "nix-systems",
        "repo": "default",
        "type": "github"
      }
    },
    "systems_2": {
      "locked": {
        "lastModified": 1681028828,
        "narHash": "sha256-Vy1rq5AaRuLzOxct8nz4T6wlgyUR7zLU309k9mBC768=",
        "owner": "nix-systems",
        "repo": "default",
        "rev": "da67096a3b9bf56a91d16901293e51ba5b49a27e",
        "type": "github"
      },
      "original": {
        "owner": "nix-systems",
        "repo": "default",
        "type": "github"
      }
    },
    "systems_3": {
      "locked": {
        "lastModified": 1681028828,
        "narHash": "sha256-Vy1rq5AaRuLzOxct8nz4T6wlgyUR7zLU309k9mBC768=",
        "owner": "nix-systems",
        "repo": "default",
        "rev": "da67096a3b9bf56a91d16901293e51ba5b49a27e",
        "type": "github"
      },
      "original": {
        "owner": "nix-systems",
        "repo": "default",
        "type": "github"
      }
    },
    "zen-browser": {
      "inputs": {
        "home-manager": "home-manager_2",
        "nixpkgs": "nixpkgs_8"
      },
      "locked": {
        "lastModified": 1788254223,
        "narHash": "sha256-27Q1HjIybCEOHqGrP/LOtSnIb4Rmek3Ochi7Trl90Y4=",
        "owner": "0xc000022070",
        "repo": "zen-browser-flake",
        "rev": "82589d1716b7d4de8e17e77b92b67952b7e3da96",
        "type": "github"
      },
      "original": {
        "owner": "0xc000022070",
        "repo": "zen-browser-flake",
        "type": "github"
      }
    }
  },
  "root": "root",
  "version": 7
}
