{
  "nodes": {
    "home-manager": {
      "inputs": {
        "nixpkgs": [
          "nixpkgs"
        ]
      },
      "locked": {
        "lastModified": 1780408569,
        "narHash": "sha256-s7Tv6FUQThRAvW8En8XVC6HMb0uiikzVccCcCo9u/Bg=",
        "owner": "nix-community",
        "repo": "home-manager",
        "rev": "f384af1bec6423a0d4ba1855917ab948f64e5808",
        "type": "github"
      },
      "original": {
        "owner": "nix-community",
        "ref": "master",
        "repo": "home-manager",
        "type": "github"
      }
    },
    "home-manager_2": {
      "inputs": {
        "nixpkgs": [
          "zen-browser",
          "nixpkgs"
        ]
      },
      "locked": {
        "lastModified": 1780099287,
        "narHash": "sha256-efIPwVGtIWIjWcznhaop6XN6HxnOL8800hF6CBNvlqQ=",
        "owner": "nix-community",
        "repo": "home-manager",
        "rev": "7d8127d308c3fb9664f7e643eec944be74ebb37d",
        "type": "github"
      },
      "original": {
        "owner": "nix-community",
        "repo": "home-manager",
        "type": "github"
      }
    },
    "my-dmenu": {
      "flake": false,
      "locked": {
        "lastModified": 1676357561,
        "narHash": "sha256-sC5tCoTERt/4+eHA/17sL0043YfvymL/ojfLl07UW5E=",
        "owner": "vedshastry",
        "repo": "dmenu",
        "rev": "b1fceb472aeb8cf8b040d07d0d5892e9f7e69913",
        "type": "github"
      },
      "original": {
        "owner": "vedshastry",
        "repo": "dmenu",
        "type": "github"
      }
    },
    "my-dwm": {
      "flake": false,
      "locked": {
        "lastModified": 1769532282,
        "narHash": "sha256-HGRB8XfKF0PII+/8zlrPfJHUH5xZOy4UuWhtf8q72PA=",
        "owner": "vedshastry",
        "repo": "dwm",
        "rev": "2e8db4df3a49c0bcdf060ab0c3ce6e4595179a22",
        "type": "github"
      },
      "original": {
        "owner": "vedshastry",
        "repo": "dwm",
        "type": "github"
      }
    },
    "my-slstatus": {
      "flake": false,
      "locked": {
        "lastModified": 1780426869,
        "narHash": "sha256-hPQbc1/J1WvhqUVKvd6iecEK9i53noKtvv9Wj3/n/ZE=",
        "owner": "vedshastry",
        "repo": "slstatus",
        "rev": "285d2227e410eff4e82a3ff685f5a4171fe379a0",
        "type": "github"
      },
      "original": {
        "owner": "vedshastry",
        "repo": "slstatus",
        "type": "github"
      }
    },
    "my-st": {
      "flake": false,
      "locked": {
        "lastModified": 1665079124,
        "narHash": "sha256-NT/mlGJw6ma5n6jQOKdx7ALS70jFqNIU27RrXVT712Y=",
        "owner": "vedshastry",
        "repo": "st",
        "rev": "9f7eea4e4abfe4859505903fc941332c99d9b4d0",
        "type": "github"
      },
      "original": {
        "owner": "vedshastry",
        "repo": "st",
        "type": "github"
      }
    },
    "nixos-hardware": {
      "inputs": {
        "nixpkgs": "nixpkgs"
      },
      "locked": {
        "lastModified": 1780310866,
        "narHash": "sha256-fPBRVf6A5xlACYcOI59shGrjURuvwu0lRsDoSCEXt/I=",
        "owner": "NixOS",
        "repo": "nixos-hardware",
        "rev": "4ed851c979641e28597a05086332d75cdc9e395f",
        "type": "github"
      },
      "original": {
        "owner": "NixOS",
        "ref": "master",
        "repo": "nixos-hardware",
        "type": "github"
      }
    },
    "nixpkgs": {
      "locked": {
        "lastModified": 1767892417,
        "narHash": "sha256-8bW3q88CEg2u4hSP66Vf4lpbLonHz7hqDNBMcCY7E9U=",
        "rev": "3497aa5c9457a9d88d71fa93a4a8368816fbeeba",
        "type": "tarball",
        "url": "https://releases.nixos.org/nixos/unstable/nixos-26.05pre924538.3497aa5c9457/nixexprs.tar.xz"
      },
      "original": {
        "type": "tarball",
        "url": "https://channels.nixos.org/nixos-unstable/nixexprs.tar.xz"
      }
    },
    "nixpkgs-unfree": {
      "inputs": {
        "nixpkgs": [
          "ollama-flake",
          "nixpkgs"
        ]
      },
      "locked": {
        "lastModified": 1727984955,
        "narHash": "sha256-vP3XzXfQLaxy2QYipK5teKFzgWBeSkv9hByCvrMEL1c=",
        "owner": "numtide",
        "repo": "nixpkgs-unfree",
        "rev": "deab889228cedd7bca43e71ea4f61f9ea12c260e",
        "type": "github"
      },
      "original": {
        "owner": "numtide",
        "repo": "nixpkgs-unfree",
        "type": "github"
      }
    },
    "nixpkgs_2": {
      "locked": {
        "lastModified": 1780243769,
        "narHash": "sha256-x5UQuRsH3MqI0U9afaXSNqzTPSeZlRLvFAav2Ux1pNw=",
        "owner": "nixos",
        "repo": "nixpkgs",
        "rev": "331800de5053fcebacf6813adb5db9c9dca22a0c",
        "type": "github"
      },
      "original": {
        "owner": "nixos",
        "ref": "nixos-unstable",
        "repo": "nixpkgs",
        "type": "github"
      }
    },
    "nixpkgs_3": {
      "locked": {
        "lastModified": 1733330745,
        "narHash": "sha256-jy34Nf4Tn1ITZcYyMBn1/7jA8bCCIZDpiVahqlCXfww=",
        "owner": "NixOS",
        "repo": "nixpkgs",
        "rev": "2f9d395f057a50f8076f633c10519035fce8d773",
        "type": "github"
      },
      "original": {
        "owner": "NixOS",
        "ref": "nixpkgs-unstable",
        "repo": "nixpkgs",
        "type": "github"
      }
    },
    "nixpkgs_4": {
      "locked": {
        "lastModified": 1756288264,
        "narHash": "sha256-Om8adB1lfkU7D33VpR+/haZ2gI5r3Q+ZbIPzE5sYnwE=",
        "owner": "NixOS",
        "repo": "nixpkgs",
        "rev": "ddd1826f294a0ee5fdc198ab72c8306a0ea73aa9",
        "type": "github"
      },
      "original": {
        "owner": "NixOS",
        "ref": "nixpkgs-unstable",
        "repo": "nixpkgs",
        "type": "github"
      }
    },
    "nixpkgs_5": {
      "locked": {
        "lastModified": 1779560665,
        "narHash": "sha256-tpyBcxPpcQb8ukyNF7DoCwfSY3VPsxHoYwj00Cayv5o=",
        "owner": "nixos",
        "repo": "nixpkgs",
        "rev": "64c08a7ca051951c8eae34e3e3cb1e202fe36786",
        "type": "github"
      },
      "original": {
        "owner": "nixos",
        "ref": "nixos-unstable",
        "repo": "nixpkgs",
        "type": "github"
      }
    },
    "ollama-flake": {
      "inputs": {
        "nixpkgs": "nixpkgs_3",
        "nixpkgs-unfree": "nixpkgs-unfree"
      },
      "locked": {
        "lastModified": 1733618642,
        "narHash": "sha256-6eeRQLOffhyCRIhiO64WMePktPA5v7Az0KzdNwAywRs=",
        "owner": "abysssol",
        "repo": "ollama-flake",
        "rev": "edca8d46ff125aafb63825b82d0f7fefc1b308cb",
        "type": "github"
      },
      "original": {
        "owner": "abysssol",
        "repo": "ollama-flake",
        "type": "github"
      }
    },
    "opencode-flake": {
      "inputs": {
        "nixpkgs": "nixpkgs_4"
      },
      "locked": {
        "lastModified": 1771442093,
        "narHash": "sha256-DWRdWWS1luEuWgd0pYydmp97MdvfVGdsI8gnWfygNFg=",
        "owner": "aodhanhayter",
        "repo": "opencode-flake",
        "rev": "049b5b433ac88f05453d23a67a6d7ac8f62ea0b1",
        "type": "github"
      },
      "original": {
        "owner": "aodhanhayter",
        "repo": "opencode-flake",
        "type": "github"
      }
    },
    "root": {
      "inputs": {
        "home-manager": "home-manager",
        "my-dmenu": "my-dmenu",
        "my-dwm": "my-dwm",
        "my-slstatus": "my-slstatus",
        "my-st": "my-st",
        "nixos-hardware": "nixos-hardware",
        "nixpkgs": "nixpkgs_2",
        "ollama-flake": "ollama-flake",
        "opencode-flake": "opencode-flake",
        "zen-browser": "zen-browser"
      }
    },
    "zen-browser": {
      "inputs": {
        "home-manager": "home-manager_2",
        "nixpkgs": "nixpkgs_5"
      },
      "locked": {
        "lastModified": 1780372976,
        "narHash": "sha256-7B90rWlpRZ6bZtRDCKZOqqfAjFFhiTDHXymWw2omhJ4=",
        "owner": "0xc000022070",
        "repo": "zen-browser-flake",
        "rev": "decef750607ebed4f8ccd9cd6169907367ab08b1",
        "type": "github"
      },
      "original": {
        "owner": "0xc000022070",
        "repo": "zen-browser-flake",
        "type": "github"
      }
    }
  },
  "root": "root",
  "version": 7
}
